
Microsoft Visual Studio Solution File, Format Version 12.00
# Visual Studio Version 17
VisualStudioVersion = 17.7.34221.43
MinimumVisualStudioVersion = 10.0.40219.1
Project("{9A19103F-16F7-4668-BE54-9A1E7A4F7556}") = "ReservatieBeheer.BL", "ReservatieBeheer.BL\ReservatieBeheer.BL.csproj", "{3FC422E1-864A-4608-BD0B-07B917FA8B42}"
EndProject
Project("{9A19103F-16F7-4668-BE54-9A1E7A4F7556}") = "ReservatieBeheer.DL", "ReservatieBeheer.DL\ReservatieBeheer.DL.csproj", "{229C4AFC-7799-4800-803A-7F5602E1BB4E}"
EndProject
Project("{9A19103F-16F7-4668-BE54-9A1E7A4F7556}") = "ReservatieBeheer.Gebruiker.API", "ReservatieBeheer.Gebruiker.API\ReservatieBeheer.Gebruiker.API.csproj", "{9051B3A4-9433-4118-938B-E4A0B11260AE}"
EndProject
Project("{9A19103F-16F7-4668-BE54-9A1E7A4F7556}") = "ReservatieBeheer.Beheerder.API", "ReservatieBeheer.Beheerder.API\ReservatieBeheer.Beheerder.API.csproj", "{1A83E4A2-83A2-4607-9025-E1E4B73D2ACB}"
EndProject
Project("{FAE04EC0-301F-11D3-BF4B-00C04F79EFBC}") = "xUnitTestsReservatieBeheer", "xUnitTestsReservatieBeheer\xUnitTestsReservatieBeheer.csproj", "{CE0A89A6-939F-4C25-8C9F-6F68600941D7}"
EndProject
Global
	GlobalSection(SolutionConfigurationPlatforms) = preSolution
		Debug|Any CPU = Debug|Any CPU
		Release|Any CPU = Release|Any CPU
	EndGlobalSection
	GlobalSection(ProjectConfigurationPlatforms) = postSolution
		{3FC422E1-864A-4608-BD0B-07B917FA8B42}.Debug|Any CPU.ActiveCfg = Debug|Any CPU
		{3FC422E1-864A-4608-BD0B-07B917FA8B42}.Debug|Any CPU.Build.0 = Debug|Any CPU
		{3FC422E1-864A-4608-BD0B-07B917FA8B42}.Release|Any CPU.ActiveCfg = Release|Any CPU
		{3FC422E1-864A-4608-BD0B-07B917FA8B42}.Release|Any CPU.Build.0 = Release|Any CPU
		{229C4AFC-7799-4800-803A-7F5602E1BB4E}.Debug|Any CPU.ActiveCfg = Debug|Any CPU
		{229C4AFC-7799-4800-803A-7F5602E1BB4E}.Debug|Any CPU.Build.0 = Debug|Any CPU
		{229C4AFC-7799-4800-803A-7F5602E1BB4E}.Release|Any CPU.ActiveCfg = Release|Any CPU
		{229C4AFC-7799-4800-803A-7F5602E1BB4E}.Release|Any CPU.Build.0 = Release|Any CPU
		{9051B3A4-9433-4118-938B-E4A0B11260AE}.Debug|Any CPU.ActiveCfg = Debug|Any CPU
		{9051B3A4-9433-4118-938B-E4A0B11260AE}.Debug|Any CPU.Build.0 = Debug|Any CPU
		{9051B3A4-9433-4118-938B-E4A0B11260AE}.Release|Any CPU.ActiveCfg = Release|Any CPU
		{9051B3A4-9433-4118-938B-E4A0B11260AE}.Release|Any CPU.Build.0 = Release|Any CPU
		{1A83E4A2-83A2-4607-9025-E1E4B73D2ACB}.Debug|Any CPU.ActiveCfg = Debug|Any CPU
		{1A83E4A2-83A2-4607-9025-E1E4B73D2ACB}.Debug|Any CPU.Build.0 = Debug|Any CPU
		{1A83E4A2-83A2-4607-9025-E1E4B73D2ACB}.Release|Any CPU.ActiveCfg = Release|Any CPU
		{1A83E4A2-83A2-4607-9025-E1E4B73D2ACB}.Release|Any CPU.Build.0 = Release|Any CPU
		{CE0A89A6-939F-4C25-8C9F-6F68600941D7}.Debug|Any CPU.ActiveCfg = Debug|Any CPU
		{CE0A89A6-939F-4C25-8C9F-6F68600941D7}.Debug|Any CPU.Build.0 = Debug|Any CPU
		{CE0A89A6-939F-4C25-8C9F-6F68600941D7}.Release|Any CPU.ActiveCfg = Release|Any CPU
		{CE0A89A6-939F-4C25-8C9F-6F68600941D7}.Release|Any CPU.Build.0 = Release|Any CPU
	EndGlobalSection
	GlobalSection(SolutionProperties) = preSolution
		HideSolutionNode = FALSE
	EndGlobalSection
	GlobalSection(ExtensibilityGlobals) = postSolution
		SolutionGuid = {9A5C6856-8223-401D-A0A5-0AABFEAC3661}
	EndGlobalSection
EndGlobal
